
Microsoft Visual Studio Solution File, Format Version 12.00
# Visual Studio 15
VisualStudioVersion = 15.0.27703.2018
MinimumVisualStudioVersion = 10.0.40219.1
Project("{FAE04EC0-301F-11D3-BF4B-00C04F79EFBC}") = "GitTestRepo", "GitTestRepo\GitTestRepo.csproj", "{60389BDD-D58D-431D-8EE3-7239B85E3275}"
EndProject
Global
	GlobalSection(SolutionConfigurationPlatforms) = preSolution
		Debug|Any CPU = Debug|Any CPU
		Release|Any CPU = Release|Any CPU
	EndGlobalSection
	GlobalSection(ProjectConfigurationPlatforms) = postSolution
		{60389BDD-D58D-431D-8EE3-7239B85E3275}.Debug|Any CPU.ActiveCfg = Debug|Any CPU
		{60389BDD-D58D-431D-8EE3-7239B85E3275}.Debug|Any CPU.Build.0 = Debug|Any CPU
		{60389BDD-D58D-431D-8EE3-7239B85E3275}.Release|Any CPU.ActiveCfg = Release|Any CPU
		{60389BDD-D58D-431D-8EE3-7239B85E3275}.Release|Any CPU.Build.0 = Release|Any CPU
	EndGlobalSection
	GlobalSection(SolutionProperties) = preSolution
		HideSolutionNode = FALSE
	EndGlobalSection
	GlobalSection(ExtensibilityGlobals) = postSolution
		SolutionGuid = {EE4D3705-6020-406F-8979-D8F5683B0365}
	EndGlobalSection
EndGlobal
